{
  "name": "my-deck",
  "version": "1.0.0",
  "lockfileVersion": 1,
  "requires": true,
  "dependencies": {
    "@code-surfer/themes": {
      "version": "3.1.1",
      "resolved": "https://registry.npmjs.org/@code-surfer/themes/-/themes-3.1.1.tgz",
      "integrity": "sha512-XKoRsVgr09DPVfhmUeULzVykjjsV7OPPSexgF3T1NBG9sAoZcPe5aJljFyc3hutR90cLhavbDWCeikYqryPpfg==",
      "dev": true
    },
    "typeface-gothic-a1": {
      "version": "0.0.61",
      "resolved": "https://registry.npmjs.org/typeface-gothic-a1/-/typeface-gothic-a1-0.0.61.tgz",
      "integrity": "sha512-d0hhDZJbrYyQ2Pqg/CgTonRX91ZNgHGe3IlZkXxUDTq6aBG0F3mRRGfhDJxCVTIIl15zS0WBZeyxz6SWoKcSaQ=="
    }
  }
}
